# @generated by Move, please check-in and do not edit manually.

[move]
version = 3
manifest_digest = "89DADE7C58C92FEA5CF0D861DB274BBF0124B711F3752F48A2D9831C87D5679D"
deps_digest = "F8BBB0CCB2491CA29A3DF03D6F92277A4F3574266507ACD77214D37ECA3F3082"
dependencies = [
  { id = "Sui", name = "Sui" },
]

[[move.package]]
id = "MoveStdlib"
source = { git = "https://github.com/MystenLabs/sui.git", rev = "framework/testnet", subdir = "crates/sui-framework/packages/move-stdlib" }

[[move.package]]
id = "Sui"
source = { git = "https://github.com/MystenLabs/sui.git", rev = "framework/testnet", subdir = "crates/sui-framework/packages/sui-framework" }

dependencies = [
  { id = "MoveStdlib", name = "MoveStdlib" },
]

[move.toolchain-version]
compiler-version = "1.42.2"
edition = "2024.beta"
flavor = "sui"

[env]

[env.testnet]
chain-id = "4c78adac"
original-published-id = "0x549a9b79cd76677994cfee3c1e961e6d15a8cc6d589baeb8fc8a74c456e76ec1"
latest-published-id = "0x549a9b79cd76677994cfee3c1e961e6d15a8cc6d589baeb8fc8a74c456e76ec1"
published-version = "1"
